Microsoft Visual Studio Solution File, Format Version 12.00
# Visual Studio Version 17
VisualStudioVersion = 17.11.35312.102
MinimumVisualStudioVersion = 10.0.40219.1
Project("{FAE04EC0-301F-11D3-BF4B-00C04F79EFBC}") = "VeinMiner", "VeinMiner/VeinMiner.csproj", "{D16EFBEA-3B40-41CB-B28F-2DB08F850D6C}"
EndProject
Global
    GlobalSection(SolutionConfigurationPlatforms) = preSolution
        Debug|x64 = Debug|x64
        Release|x64 = Release|x64
    EndGlobalSection
    GlobalSection(ProjectConfigurationPlatforms) = postSolution
        {D16EFBEA-3B40-41CB-B28F-2DB08F850D6C}.Debug|x64.ActiveCfg = Debug|x64
        {D16EFBEA-3B40-41CB-B28F-2DB08F850D6C}.Debug|x64.Build.0 = Debug|x64
        {D16EFBEA-3B40-41CB-B28F-2DB08F850D6C}.Release|x64.ActiveCfg = Release|x64
        {D16EFBEA-3B40-41CB-B28F-2DB08F850D6C}.Release|x64.Build.0 = Release|x64
    EndGlobalSection
    GlobalSection(SolutionProperties) = preSolution
        HideSolutionNode = FALSE
    EndGlobalSection
    GlobalSection(ExtensibilityGlobals) = postSolution
        SolutionGuid = {6FB97250-1BF1-488C-A910-93D325D28A22}
    EndGlobalSection
EndGlobal